# THIS IS AN AUTOGENERATED FILE. DO NOT EDIT THIS FILE DIRECTLY.
# yarn lockfile v1


"@types/estree@0.0.38":
  version "0.0.38"
  resolved "https://registry.yarnpkg.com/@types/estree/-/estree-0.0.38.tgz#c1be40aa933723c608820a99a373a16d215a1ca2"

"@types/node@*":
  version "9.6.6"
  resolved "https://registry.yarnpkg.com/@types/node/-/node-9.6.6.tgz#439b91f9caf3983cad2eef1e11f6bedcbf9431d2"

rollup@^0.58.1:
  version "0.58.1"
  resolved "https://registry.yarnpkg.com/rollup/-/rollup-0.58.1.tgz#5e2e05ceb103f770868b12c4048c22d3903fa2dd"
  dependencies:
    "@types/estree" "0.0.38"
    "@types/node" "*"
